
Microsoft Visual Studio Solution File, Format Version 12.00
# Visual Studio 15
VisualStudioVersion = 15.0.28307.421
MinimumVisualStudioVersion = 10.0.40219.1
Project("{FAE04EC0-301F-11D3-BF4B-00C04F79EFBC}") = "SimTracker", "SimTracker\SimTracker.csproj", "{0C3C9E7E-8DCE-44B9-9082-709EEF302B50}"
EndProject
Global
	GlobalSection(SolutionConfigurationPlatforms) = preSolution
		Debug|Any CPU = Debug|Any CPU
		Release|Any CPU = Release|Any CPU
	EndGlobalSection
	GlobalSection(ProjectConfigurationPlatforms) = postSolution
		{0C3C9E7E-8DCE-44B9-9082-709EEF302B50}.Debug|Any CPU.ActiveCfg = Debug|Any CPU
		{0C3C9E7E-8DCE-44B9-9082-709EEF302B50}.Debug|Any CPU.Build.0 = Debug|Any CPU
		{0C3C9E7E-8DCE-44B9-9082-709EEF302B50}.Release|Any CPU.ActiveCfg = Release|Any CPU
		{0C3C9E7E-8DCE-44B9-9082-709EEF302B50}.Release|Any CPU.Build.0 = Release|Any CPU
	EndGlobalSection
	GlobalSection(SolutionProperties) = preSolution
		HideSolutionNode = FALSE
	EndGlobalSection
	GlobalSection(ExtensibilityGlobals) = postSolution
		SolutionGuid = {0C3DC936-BF48-48D3-A29D-5E37333A01FE}
	EndGlobalSection
EndGlobal
